
Microsoft Visual Studio Solution File, Format Version 12.00
# Visual Studio Version 17
VisualStudioVersion = 17.4.33205.214
MinimumVisualStudioVersion = 10.0.40219.1
Project("{FAE04EC0-301F-11D3-BF4B-00C04F79EFBC}") = "CircuitBreakerDesignPattern", "CircuitBreakerDesignPattern.csproj", "{E535BEB9-DBC7-4BD7-8838-23711D365346}"
EndProject
Global
	GlobalSection(SolutionConfigurationPlatforms) = preSolution
		Debug|Any CPU = Debug|Any CPU
		Release|Any CPU = Release|Any CPU
	EndGlobalSection
	GlobalSection(ProjectConfigurationPlatforms) = postSolution
		{E535BEB9-DBC7-4BD7-8838-23711D365346}.Debug|Any CPU.ActiveCfg = Debug|Any CPU
		{E535BEB9-DBC7-4BD7-8838-23711D365346}.Debug|Any CPU.Build.0 = Debug|Any CPU
		{E535BEB9-DBC7-4BD7-8838-23711D365346}.Release|Any CPU.ActiveCfg = Release|Any CPU
		{E535BEB9-DBC7-4BD7-8838-23711D365346}.Release|Any CPU.Build.0 = Release|Any CPU
	EndGlobalSection
	GlobalSection(SolutionProperties) = preSolution
		HideSolutionNode = FALSE
	EndGlobalSection
	GlobalSection(ExtensibilityGlobals) = postSolution
		SolutionGuid = {C86F0506-40BC-4F33-B1C5-25F430AFF80F}
	EndGlobalSection
EndGlobal
